
Microsoft Visual Studio Solution File, Format Version 12.00
# Visual Studio Version 16
VisualStudioVersion = 16.0.30002.166
MinimumVisualStudioVersion = 10.0.40219.1
Project("{8BC9CEB8-8B4A-11D0-8D11-00A0C91BC942}") = "my_assembler_202", "my_assembler_202\my_assembler_202.vcxproj", "{43AB17C0-AAA7-4B48-B058-C89F2BE521AB}"
EndProject
Global
	GlobalSection(SolutionConfigurationPlatforms) = preSolution
		Debug|x64 = Debug|x64
		Debug|x86 = Debug|x86
		Release|x64 = Release|x64
		Release|x86 = Release|x86
	EndGlobalSection
	GlobalSection(ProjectConfigurationPlatforms) = postSolution
		{43AB17C0-AAA7-4B48-B058-C89F2BE521AB}.Debug|x64.ActiveCfg = Debug|x64
		{43AB17C0-AAA7-4B48-B058-C89F2BE521AB}.Debug|x64.Build.0 = Debug|x64
		{43AB17C0-AAA7-4B48-B058-C89F2BE521AB}.Debug|x86.ActiveCfg = Debug|Win32
		{43AB17C0-AAA7-4B48-B058-C89F2BE521AB}.Debug|x86.Build.0 = Debug|Win32
		{43AB17C0-AAA7-4B48-B058-C89F2BE521AB}.Release|x64.ActiveCfg = Release|x64
		{43AB17C0-AAA7-4B48-B058-C89F2BE521AB}.Release|x64.Build.0 = Release|x64
		{43AB17C0-AAA7-4B48-B058-C89F2BE521AB}.Release|x86.ActiveCfg = Release|Win32
		{43AB17C0-AAA7-4B48-B058-C89F2BE521AB}.Release|x86.Build.0 = Release|Win32
	EndGlobalSection
	GlobalSection(SolutionProperties) = preSolution
		HideSolutionNode = FALSE
	EndGlobalSection
	GlobalSection(ExtensibilityGlobals) = postSolution
		SolutionGuid = {FB88009B-8B7B-4B94-A847-8FB0FD23801D}
	EndGlobalSection
EndGlobal
